<?xml version="1.0" encoding="utf-8"?>
<Project ToolsVersion="4.0" xmlns="http://schemas.microsoft.com/developer/msbuild/2003">
  <ItemGroup>
    <Filter Include="Generated Files">
      <UniqueIdentifier>{24b83665-c60e-41b0-af68-56f75f7a5d50}</UniqueIdentifier>
    </Filter>
    <Filter Include="Source Files">
      <UniqueIdentifier>{3b6b689e-848c-424a-9f84-f2f5bb46c1c7}</UniqueIdentifier>
      <Extensions>cpp;c;edl;def; .. and other options</Extensions>
    </Filter>
    <Filter Include="Header Files">
      <UniqueIdentifier>{41df1f1f-ce4a-470f-9520-028fc9821865}</UniqueIdentifier>
      <Extensions>h;hpp; .. and other options</Extensions>
    </Filter>
    <Filter Include="Resource Files">
      <UniqueIdentifier>{db1949c6-38ca-4b17-ac99-f77019247811}</UniqueIdentifier>
      <Extensions>rc;xml;pem; .. and other options</Extensions>
    </Filter>
    <Filter Include="EDL Files">
      <UniqueIdentifier>{159efc47-308f-4bea-a7cd-b68717727f66}</UniqueIdentifier>
    </Filter>
  </ItemGroup>
  <ItemGroup>
    <ClInclude Include="defines.h">
      <Filter>Header Files</Filter>
    </ClInclude>
    <ClInclude Include="tcommon.h">
      <Filter>Header Files</Filter>
    </ClInclude>
    <ClInclude Include="bionic_glue.h">
      <Filter>Header Files</Filter>
    </ClInclude>
    <ClInclude Include="tSgxSSL_api.h">
      <Filter>Header Files</Filter>
    </ClInclude>
    <ClInclude Include="tSgxSSL_version.h">
      <Filter>Header Files</Filter>
    </ClInclude>
    <ClInclude Include="sgxssl_texception.h">
      <Filter>Header Files</Filter>
    </ClInclude>
    <ClInclude Include="tcpu_utils.h">
      <Filter>Header Files</Filter>
    </ClInclude>
    <ClInclude Include="sgx_tsgxssl_t.h">
      <Filter>Header Files</Filter>
    </ClInclude>
  </ItemGroup>
  <ItemGroup>
    <ClCompile Include="tadvapi32.cpp">
      <Filter>Source Files</Filter>
    </ClCompile>
    <ClCompile Include="tkernel32.cpp">
      <Filter>Source Files</Filter>
    </ClCompile>
    <ClCompile Include="tkernel32_file.cpp">
      <Filter>Source Files</Filter>
    </ClCompile>
    <ClCompile Include="tkernel32_module.cpp">
      <Filter>Source Files</Filter>
    </ClCompile>
    <ClCompile Include="tkernel32_threading.cpp">
      <Filter>Source Files</Filter>
    </ClCompile>
    <ClCompile Include="tstdio.cpp">
      <Filter>Source Files</Filter>
    </ClCompile>
    <ClCompile Include="tstdlib.cpp">
      <Filter>Source Files</Filter>
    </ClCompile>
    <ClCompile Include="tstring.cpp">
      <Filter>Source Files</Filter>
    </ClCompile>
    <ClCompile Include="ttime.cpp">
      <Filter>Source Files</Filter>
    </ClCompile>
    <ClCompile Include="tuser32.cpp">
      <Filter>Source Files</Filter>
    </ClCompile>
    <ClCompile Include="tws2_32.cpp">
      <Filter>Source Files</Filter>
    </ClCompile>
    <ClCompile Include="bionic_localtime.c">
      <Filter>Source Files</Filter>
    </ClCompile>
    <ClCompile Include="bionic_vswprintf.c">
      <Filter>Source Files</Filter>
    </ClCompile>
    <ClCompile Include="bionic_glue.c">
      <Filter>Source Files</Filter>
    </ClCompile>
    <ClCompile Include="bionic_sscanf.c">
      <Filter>Source Files</Filter>
    </ClCompile>
    <ClCompile Include="tSgxSSL_api.cpp">
      <Filter>Source Files</Filter>
    </ClCompile>
    <ClCompile Include="tcpu_utils.cpp">
      <Filter>Source Files</Filter>
    </ClCompile>
    <ClCompile Include="texceptions.cpp">
      <Filter>Source Files</Filter>
    </ClCompile>
    <ClCompile Include="tw_critical_sec.cpp">
      <Filter>Source Files</Filter>
    </ClCompile>
    <ClCompile Include="tw_tls.cpp">
      <Filter>Source Files</Filter>
    </ClCompile>
  </ItemGroup>
  <ItemGroup>
    <MASM Include="_alloca.asm">
      <Filter>Source Files</Filter>
    </MASM>
  </ItemGroup>
  <ItemGroup>
    <CustomBuild Include="..\..\package\include\sgx_tsgxssl.edl">
      <Filter>Source Files</Filter>
    </CustomBuild>
  </ItemGroup>
</Project>