<?xml version="1.0" encoding="utf-8"?>
<Project ToolsVersion="4.0" xmlns="http://schemas.microsoft.com/developer/msbuild/2003">
  <ItemGroup>
    <Filter Include="Generated Files">
      <UniqueIdentifier>{27c500e3-3e33-4b34-a2c0-7b1df4ad34da}</UniqueIdentifier>
    </Filter>
    <Filter Include="Source Files">
      <UniqueIdentifier>{b49229ba-3c36-4da8-80ee-cd0a4bd4c686}</UniqueIdentifier>
      <Extensions>cpp;c;edl;def;</Extensions>
    </Filter>
    <Filter Include="Header Files">
      <UniqueIdentifier>{714075ac-76b5-49e4-a2d1-7310e08dc11d}</UniqueIdentifier>
      <Extensions>h;hpp;</Extensions>
    </Filter>
    <Filter Include="Resource Files">
      <UniqueIdentifier>{9a6d9120-f31f-4b32-bddc-4782461919f5}</UniqueIdentifier>
      <Extensions>rc;xml;pem;</Extensions>
    </Filter>
    <Filter Include="Source Files\tests">
      <UniqueIdentifier>{51ffd833-7cb9-44b0-ad24-e4e1c3240731}</UniqueIdentifier>
    </Filter>
  </ItemGroup>
  <ItemGroup>
    <ClCompile Include="TestEnclave_t.c">
      <Filter>Generated Files</Filter>
    </ClCompile>
    <ClCompile Include="TestEnclave.cpp">
      <Filter>Source Files</Filter>
    </ClCompile>
    <ClCompile Include="tests\bntest.c">
      <Filter>Source Files\tests</Filter>
    </ClCompile>
    <ClCompile Include="tests\dhtest.c">
      <Filter>Source Files\tests</Filter>
    </ClCompile>
    <ClCompile Include="tests\ecdhtest.c">
      <Filter>Source Files\tests</Filter>
    </ClCompile>
    <ClCompile Include="tests\ecdsatest.c">
      <Filter>Source Files\tests</Filter>
    </ClCompile>
    <ClCompile Include="tests\ectest.c">
      <Filter>Source Files\tests</Filter>
    </ClCompile>
    <ClCompile Include="tests\missing_funcs.c">
      <Filter>Source Files\tests</Filter>
    </ClCompile>
    <ClCompile Include="tests\rsa_test.c">
      <Filter>Source Files\tests</Filter>
    </ClCompile>
    <ClCompile Include="tests\sha1test.c">
      <Filter>Source Files\tests</Filter>
    </ClCompile>
    <ClCompile Include="tests\sha256t.c">
      <Filter>Source Files\tests</Filter>
    </ClCompile>
    <ClCompile Include="tests\stdio_func.c">
      <Filter>Source Files\tests</Filter>
    </ClCompile>
    <ClCompile Include="sgxssl__gmtime64_test.cpp">
      <Filter>Source Files</Filter>
    </ClCompile>
    <ClCompile Include="tests\randtest.c">
      <Filter>Source Files\tests</Filter>
    </ClCompile>
    <ClCompile Include="tests\destest.c">
      <Filter>Source Files\tests</Filter>
    </ClCompile>
  </ItemGroup>
  <ItemGroup>
    <ClInclude Include="TestEnclave_t.h">
      <Filter>Generated Files</Filter>
    </ClInclude>
    <ClInclude Include="TestEnclave.h">
      <Filter>Header Files</Filter>
    </ClInclude>
    <ClInclude Include="tests\bn_conf.h">
      <Filter>Source Files\tests</Filter>
    </ClInclude>
    <ClInclude Include="tests\bn_int.h">
      <Filter>Source Files\tests</Filter>
    </ClInclude>
    <ClInclude Include="tests\bn_lcl.h">
      <Filter>Source Files\tests</Filter>
    </ClInclude>
    <ClInclude Include="tests\ecdhtest_cavs.h">
      <Filter>Source Files\tests</Filter>
    </ClInclude>
    <ClInclude Include="tests\threads.h">
      <Filter>Source Files\tests</Filter>
    </ClInclude>
  </ItemGroup>
  <ItemGroup>
    <None Include="TestEnclave_private.pem">
      <Filter>Resource Files</Filter>
    </None>
    <None Include="ClassDiagram.cd" />
  </ItemGroup>
  <ItemGroup>
    <Xml Include="TestEnclave.config.xml">
      <Filter>Resource Files</Filter>
    </Xml>
  </ItemGroup>
  <ItemGroup>
    <Text Include="ReadMe.txt" />
  </ItemGroup>
  <ItemGroup>
    <CustomBuild Include="TestEnclave.edl">
      <Filter>Source Files</Filter>
    </CustomBuild>
  </ItemGroup>
</Project>